
Microsoft Visual Studio Solution File, Format Version 12.00
# Visual Studio Version 17
VisualStudioVersion = 17.5.002.0
MinimumVisualStudioVersion = 10.0.40219.1
Project("{9A19103F-16F7-4668-BE54-9A1E7A4F7556}") = "CustoEnergia", "CustoEnergia.csproj", "{A8803236-A240-4979-99FE-A7D0AAB5AE2A}"
EndProject
Global
	GlobalSection(SolutionConfigurationPlatforms) = preSolution
		Debug|Any CPU = Debug|Any CPU
		Release|Any CPU = Release|Any CPU
	EndGlobalSection
	GlobalSection(ProjectConfigurationPlatforms) = postSolution
		{A8803236-A240-4979-99FE-A7D0AAB5AE2A}.Debug|Any CPU.ActiveCfg = Debug|Any CPU
		{A8803236-A240-4979-99FE-A7D0AAB5AE2A}.Debug|Any CPU.Build.0 = Debug|Any CPU
		{A8803236-A240-4979-99FE-A7D0AAB5AE2A}.Release|Any CPU.ActiveCfg = Release|Any CPU
		{A8803236-A240-4979-99FE-A7D0AAB5AE2A}.Release|Any CPU.Build.0 = Release|Any CPU
	EndGlobalSection
	GlobalSection(SolutionProperties) = preSolution
		HideSolutionNode = FALSE
	EndGlobalSection
	GlobalSection(ExtensibilityGlobals) = postSolution
		SolutionGuid = {929CA316-96E7-48BE-AFC8-8C6301BC7A46}
	EndGlobalSection
EndGlobal
